
Microsoft Visual Studio Solution File, Format Version 12.00
# Visual Studio 14
VisualStudioVersion = 14.0.23107.0
MinimumVisualStudioVersion = 10.0.40219.1
Project("{FAE04EC0-301F-11D3-BF4B-00C04F79EFBC}") = "ExceptionWrapper", "ExceptionWrapper\ExceptionWrapper.csproj", "{E703BE9A-36F3-43F5-B394-A8F9F77A9E9F}"
EndProject
Project("{FAE04EC0-301F-11D3-BF4B-00C04F79EFBC}") = "ExceptionWrapper.Tests", "ExceptionWrapper.Tests\ExceptionWrapper.Tests.csproj", "{A5B7D3F9-A3AE-4277-8C5E-62BF6F6F76DE}"
EndProject
Global
	GlobalSection(SolutionConfigurationPlatforms) = preSolution
		Debug|Any CPU = Debug|Any CPU
		Debug|ARM = Debug|ARM
		Debug|x64 = Debug|x64
		Debug|x86 = Debug|x86
		Release|Any CPU = Release|Any CPU
		Release|ARM = Release|ARM
		Release|x64 = Release|x64
		Release|x86 = Release|x86
	EndGlobalSection
	GlobalSection(ProjectConfigurationPlatforms) = postSolution
		{E703BE9A-36F3-43F5-B394-A8F9F77A9E9F}.Debug|Any CPU.ActiveCfg = Debug|Any CPU
		{E703BE9A-36F3-43F5-B394-A8F9F77A9E9F}.Debug|Any CPU.Build.0 = Debug|Any CPU
		{E703BE9A-36F3-43F5-B394-A8F9F77A9E9F}.Debug|ARM.ActiveCfg = Debug|Any CPU
		{E703BE9A-36F3-43F5-B394-A8F9F77A9E9F}.Debug|ARM.Build.0 = Debug|Any CPU
		{E703BE9A-36F3-43F5-B394-A8F9F77A9E9F}.Debug|x64.ActiveCfg = Debug|Any CPU
		{E703BE9A-36F3-43F5-B394-A8F9F77A9E9F}.Debug|x64.Build.0 = Debug|Any CPU
		{E703BE9A-36F3-43F5-B394-A8F9F77A9E9F}.Debug|x86.ActiveCfg = Debug|Any CPU
		{E703BE9A-36F3-43F5-B394-A8F9F77A9E9F}.Debug|x86.Build.0 = Debug|Any CPU
		{E703BE9A-36F3-43F5-B394-A8F9F77A9E9F}.Release|Any CPU.ActiveCfg = Release|Any CPU
		{E703BE9A-36F3-43F5-B394-A8F9F77A9E9F}.Release|Any CPU.Build.0 = Release|Any CPU
		{E703BE9A-36F3-43F5-B394-A8F9F77A9E9F}.Release|ARM.ActiveCfg = Release|Any CPU
		{E703BE9A-36F3-43F5-B394-A8F9F77A9E9F}.Release|ARM.Build.0 = Release|Any CPU
		{E703BE9A-36F3-43F5-B394-A8F9F77A9E9F}.Release|x64.ActiveCfg = Release|Any CPU
		{E703BE9A-36F3-43F5-B394-A8F9F77A9E9F}.Release|x64.Build.0 = Release|Any CPU
		{E703BE9A-36F3-43F5-B394-A8F9F77A9E9F}.Release|x86.ActiveCfg = Release|Any CPU
		{E703BE9A-36F3-43F5-B394-A8F9F77A9E9F}.Release|x86.Build.0 = Release|Any CPU
		{A5B7D3F9-A3AE-4277-8C5E-62BF6F6F76DE}.Debug|Any CPU.ActiveCfg = Debug|Any CPU
		{A5B7D3F9-A3AE-4277-8C5E-62BF6F6F76DE}.Debug|Any CPU.Build.0 = Debug|Any CPU
		{A5B7D3F9-A3AE-4277-8C5E-62BF6F6F76DE}.Debug|ARM.ActiveCfg = Debug|Any CPU
		{A5B7D3F9-A3AE-4277-8C5E-62BF6F6F76DE}.Debug|ARM.Build.0 = Debug|Any CPU
		{A5B7D3F9-A3AE-4277-8C5E-62BF6F6F76DE}.Debug|x64.ActiveCfg = Debug|Any CPU
		{A5B7D3F9-A3AE-4277-8C5E-62BF6F6F76DE}.Debug|x64.Build.0 = Debug|Any CPU
		{A5B7D3F9-A3AE-4277-8C5E-62BF6F6F76DE}.Debug|x86.ActiveCfg = Debug|Any CPU
		{A5B7D3F9-A3AE-4277-8C5E-62BF6F6F76DE}.Debug|x86.Build.0 = Debug|Any CPU
		{A5B7D3F9-A3AE-4277-8C5E-62BF6F6F76DE}.Release|Any CPU.ActiveCfg = Release|Any CPU
		{A5B7D3F9-A3AE-4277-8C5E-62BF6F6F76DE}.Release|Any CPU.Build.0 = Release|Any CPU
		{A5B7D3F9-A3AE-4277-8C5E-62BF6F6F76DE}.Release|ARM.ActiveCfg = Release|Any CPU
		{A5B7D3F9-A3AE-4277-8C5E-62BF6F6F76DE}.Release|ARM.Build.0 = Release|Any CPU
		{A5B7D3F9-A3AE-4277-8C5E-62BF6F6F76DE}.Release|x64.ActiveCfg = Release|Any CPU
		{A5B7D3F9-A3AE-4277-8C5E-62BF6F6F76DE}.Release|x64.Build.0 = Release|Any CPU
		{A5B7D3F9-A3AE-4277-8C5E-62BF6F6F76DE}.Release|x86.ActiveCfg = Release|Any CPU
		{A5B7D3F9-A3AE-4277-8C5E-62BF6F6F76DE}.Release|x86.Build.0 = Release|Any CPU
	EndGlobalSection
	GlobalSection(SolutionProperties) = preSolution
		HideSolutionNode = FALSE
	EndGlobalSection
EndGlobal
